// !$*UTF8*$!
{
	archiveVersion = 1;
	classes = {
	};
	objectVersion = 46;
	objects = {

/* Begin PBXBuildFile section */
		DEA647711DCDDA9D0071CB2A /* AppDelegate.swift in Sources */ = {isa = PBXBuildFile; fileRef = DEA647701DCDDA9D0071CB2A /* AppDelegate.swift */; };
		DEA647731DCDDA9D0071CB2A /* ViewController.swift in Sources */ = {isa = PBXBuildFile; fileRef = DEA647721DCDDA9D0071CB2A /* ViewController.swift */; };
		DEA647761DCDDA9D0071CB2A /* Main.storyboard in Resources */ = {isa = PBXBuildFile; fileRef = DEA647741DCDDA9D0071CB2A /* Main.storyboard */; };
		DEA647781DCDDA9D0071CB2A /* Assets.xcassets in Resources */ = {isa = PBXBuildFile; fileRef = DEA647771DCDDA9D0071CB2A /* Assets.xcassets */; };
		DEA6477B1DCDDA9D0071CB2A /* LaunchScreen.storyboard in Resources */ = {isa = PBXBuildFile; fileRef = DEA647791DCDDA9D0071CB2A /* LaunchScreen.storyboard */; };
		DEA647831DCDDB640071CB2A /* pound-yen-euro-dollar.png in Resources */ = {isa = PBXBuildFile; fileRef = DEA647821DCDDB640071CB2A /* pound-yen-euro-dollar.png */; };
/* End PBXBuildFile section */

/* Begin PBXFileReference section */
		DEA6476D1DCDDA9D0071CB2A /* Currency Converter.app */ = {isa = PBXFileReference; explicitFileType = wrapper.application; includeInIndex = 0; path = "Currency Converter.app"; sourceTree = BUILT_PRODUCTS_DIR; };
		DEA647701DCDDA9D0071CB2A /* AppDelegate.swift */ = {isa = PBXFileReference; lastKnownFileType = sourcecode.swift; path = AppDelegate.swift; sourceTree = "<group>"; };
		DEA647721DCDDA9D0071CB2A /* ViewController.swift */ = {isa = PBXFileReference; lastKnownFileType = sourcecode.swift; path = ViewController.swift; sourceTree = "<group>"; };
		DEA647751DCDDA9D0071CB2A /* Base */ = {isa = PBXFileReference; lastKnownFileType = file.storyboard; name = Base; path = Base.lproj/Main.storyboard; sourceTree = "<group>"; };
		DEA647771DCDDA9D0071CB2A /* Assets.xcassets */ = {isa = PBXFileReference; lastKnownFileType = folder.assetcatalog; path = Assets.xcassets; sourceTree = "<group>"; };
		DEA6477A1DCDDA9D0071CB2A /* Base */ = {isa = PBXFileReference; lastKnownFileType = file.storyboard; name = Base; path = Base.lproj/LaunchScreen.storyboard; sourceTree = "<group>"; };
		DEA6477C1DCDDA9D0071CB2A /* Info.plist */ = {isa = PBXFileReference; lastKnownFileType = text.plist.xml; path = Info.plist; sourceTree = "<group>"; };
		DEA647821DCDDB640071CB2A /* pound-yen-euro-dollar.png */ = {isa = PBXFileReference; lastKnownFileType = image.png; path = "pound-yen-euro-dollar.png"; sourceTree = "<group>"; };
/* End PBXFileReference section */

/* Begin PBXFrameworksBuildPhase section */
		DEA6476A1DCDDA9D0071CB2A /* Frameworks */ = {
			isa = PBXFrameworksBuildPhase;
			buildActionMask = 2147483647;
			files = (
			);
			runOnlyForDeploymentPostprocessing = 0;
		};
/* End PBXFrameworksBuildPhase section */

/* Begin PBXGroup section */
		DEA647641DCDDA9D0071CB2A = {
			isa = PBXGroup;
			children = (
				DEA6476F1DCDDA9D0071CB2A /* Currency Converter */,
				DEA6476E1DCDDA9D0071CB2A /* Products */,
			);
			sourceTree = "<group>";
		};
		DEA6476E1DCDDA9D0071CB2A /* Products */ = {
			isa = PBXGroup;
			children = (
				DEA6476D1DCDDA9D0071CB2A /* Currency Converter.app */,
			);
			name = Products;
			sourceTree = "<group>";
		};
		DEA6476F1DCDDA9D0071CB2A /* Currency Converter */ = {
			isa = PBXGroup;
			children = (
				DEA647701DCDDA9D0071CB2A /* AppDelegate.swift */,
				DEA647721DCDDA9D0071CB2A /* ViewController.swift */,
				DEA647741DCDDA9D0071CB2A /* Main.storyboard */,
				DEA647771DCDDA9D0071CB2A /* Assets.xcassets */,
				DEA647791DCDDA9D0071CB2A /* LaunchScreen.storyboard */,
				DEA647821DCDDB640071CB2A /* pound-yen-euro-dollar.png */,
				DEA6477C1DCDDA9D0071CB2A /* Info.plist */,
			);
			path = "Currency Converter";
			sourceTree = "<group>";
		};
/* End PBXGroup section */

/* Begin PBXNativeTarget section */
		DEA6476C1DCDDA9D0071CB2A /* Currency Converter */ = {
			isa = PBXNativeTarget;
			buildConfigurationList = DEA6477F1DCDDA9D0071CB2A /* Build configuration list for PBXNativeTarget "Currency Converter" */;
			buildPhases = (
				DEA647691DCDDA9D0071CB2A /* Sources */,
				DEA6476A1DCDDA9D0071CB2A /* Frameworks */,
				DEA6476B1DCDDA9D0071CB2A /* Resources */,
			);
			buildRules = (
			);
			dependencies = (
			);
			name = "Currency Converter";
			productName = "Currency Converter";
			productReference = DEA6476D1DCDDA9D0071CB2A /* Currency Converter.app */;
			productType = "com.apple.product-type.application";
		};
/* End PBXNativeTarget section */

/* Begin PBXProject section */
		DEA647651DCDDA9D0071CB2A /* Project object */ = {
			isa = PBXProject;
			attributes = {
				LastSwiftUpdateCheck = 0810;
				LastUpgradeCheck = 0810;
				ORGANIZATIONNAME = "Tatiana Looby";
				TargetAttributes = {
					DEA6476C1DCDDA9D0071CB2A = {
						CreatedOnToolsVersion = 8.1;
						ProvisioningStyle = Automatic;
					};
				};
			};
			buildConfigurationList = DEA647681DCDDA9D0071CB2A /* Build configuration list for PBXProject "Currency Converter" */;
			compatibilityVersion = "Xcode 3.2";
			developmentRegion = English;
			hasScannedForEncodings = 0;
			knownRegions = (
				en,
				Base,
			);
			mainGroup = DEA647641DCDDA9D0071CB2A;
			productRefGroup = DEA6476E1DCDDA9D0071CB2A /* Products */;
			projectDirPath = "";
			projectRoot = "";
			targets = (
				DEA6476C1DCDDA9D0071CB2A /* Currency Converter */,
			);
		};
/* End PBXProject section */

/* Begin PBXResourcesBuildPhase section */
		DEA6476B1DCDDA9D0071CB2A /* Resources */ = {
			isa = PBXResourcesBuildPhase;
			buildActionMask = 2147483647;
			files = (
				DEA6477B1DCDDA9D0071CB2A /* LaunchScreen.storyboard in Resources */,
				DEA647781DCDDA9D0071CB2A /* Assets.xcassets in Resources */,
				DEA647831DCDDB640071CB2A /* pound-yen-euro-dollar.png in Resources */,
				DEA647761DCDDA9D0071CB2A /* Main.storyboard in Resources */,
			);
			runOnlyForDeploymentPostprocessing = 0;
		};
/* End PBXResourcesBuildPhase section */

/* Begin PBXSourcesBuildPhase section */
		DEA647691DCDDA9D0071CB2A /* Sources */ = {
			isa = PBXSourcesBuildPhase;
			buildActionMask = 2147483647;
			files = (
				DEA647731DCDDA9D0071CB2A /* ViewController.swift in Sources */,
				DEA647711DCDDA9D0071CB2A /* AppDelegate.swift in Sources */,
			);
			runOnlyForDeploymentPostprocessing = 0;
		};
/* End PBXSourcesBuildPhase section */

/* Begin PBXVariantGroup section */
		DEA647741DCDDA9D0071CB2A /* Main.storyboard */ = {
			isa = PBXVariantGroup;
			children = (
				DEA647751DCDDA9D0071CB2A /* Base */,
			);
			name = Main.storyboard;
			sourceTree = "<group>";
		};
		DEA647791DCDDA9D0071CB2A /* LaunchScreen.storyboard */ = {
			isa = PBXVariantGroup;
			children = (
				DEA6477A1DCDDA9D0071CB2A /* Base */,
			);
			name = LaunchScreen.storyboard;
			sourceTree = "<group>";
		};
/* End PBXVariantGroup section */

/* Begin XCBuildConfiguration section */
		DEA6477D1DCDDA9D0071CB2A /* Debug */ = {
			isa = XCBuildConfiguration;
			buildSettings = {
				ALWAYS_SEARCH_USER_PATHS = NO;
				CLANG_ANALYZER_NONNULL = YES;
				CLANG_CXX_LANGUAGE_STANDARD = "gnu++0x";
				CLANG_CXX_LIBRARY = "libc++";
				CLANG_ENABLE_MODULES = YES;
				CLANG_ENABLE_OBJC_ARC = YES;
				CLANG_WARN_BOOL_CONVERSION = YES;
				CLANG_WARN_CONSTANT_CONVERSION = YES;
				CLANG_WARN_DIRECT_OBJC_ISA_USAGE = YES_ERROR;
				CLANG_WARN_DOCUMENTATION_COMMENTS = YES;
				CLANG_WARN_EMPTY_BODY = YES;
				CLANG_WARN_ENUM_CONVERSION = YES;
				CLANG_WARN_INFINITE_RECURSION = YES;
				CLANG_WARN_INT_CONVERSION = YES;
				CLANG_WARN_OBJC_ROOT_CLASS = YES_ERROR;
				CLANG_WARN_SUSPICIOUS_MOVES = YES;
				CLANG_WARN_UNREACHABLE_CODE = YES;
				CLANG_WARN__DUPLICATE_METHOD_MATCH = YES;
				"CODE_SIGN_IDENTITY[sdk=iphoneos*]" = "iPhone Developer";
				COPY_PHASE_STRIP = NO;
				DEBUG_INFORMATION_FORMAT = dwarf;
				ENABLE_STRICT_OBJC_MSGSEND = YES;
				ENABLE_TESTABILITY = YES;
				GCC_C_LANGUAGE_STANDARD = gnu99;
				GCC_DYNAMIC_NO_PIC = NO;
				GCC_NO_COMMON_BLOCKS = YES;
				GCC_OPTIMIZATION_LEVEL = 0;
				GCC_PREPROCESSOR_DEFINITIONS = (
					"DEBUG=1",
					"$(inherited)",
				);
				GCC_WARN_64_TO_32_BIT_CONVERSION = YES;
				GCC_WARN_ABOUT_RETURN_TYPE = YES_ERROR;
				GCC_WARN_UNDECLARED_SELECTOR = YES;
				GCC_WARN_UNINITIALIZED_AUTOS = YES_AGGRESSIVE;
				GCC_WARN_UNUSED_FUNCTION = YES;
				GCC_WARN_UNUSED_VARIABLE = YES;
				IPHONEOS_DEPLOYMENT_TARGET = 10.1;
				MTL_ENABLE_DEBUG_INFO = YES;
				ONLY_ACTIVE_ARCH = YES;
				SDKROOT = iphoneos;
				SWIFT_ACTIVE_COMPILATION_CONDITIONS = DEBUG;
				SWIFT_OPTIMIZATION_LEVEL = "-Onone";
				TARGETED_DEVICE_FAMILY = "1,2";
			};
			name = Debug;
		};
		DEA6477E1DCDDA9D0071CB2A /* Release */ = {
			isa = XCBuildConfiguration;
			buildSettings = {
				ALWAYS_SEARCH_USER_PATHS = NO;
				CLANG_ANALYZER_NONNULL = YES;
				CLANG_CXX_LANGUAGE_STANDARD = "gnu++0x";
				CLANG_CXX_LIBRARY = "libc++";
				CLANG_ENABLE_MODULES = YES;
				CLANG_ENABLE_OBJC_ARC = YES;
				CLANG_WARN_BOOL_CONVERSION = YES;
				CLANG_WARN_CONSTANT_CONVERSION = YES;
				CLANG_WARN_DIRECT_OBJC_ISA_USAGE = YES_ERROR;
				CLANG_WARN_DOCUMENTATION_COMMENTS = YES;
				CLANG_WARN_EMPTY_BODY = YES;
				CLANG_WARN_ENUM_CONVERSION = YES;
				CLANG_WARN_INFINITE_RECURSION = YES;
				CLANG_WARN_INT_CONVERSION = YES;
				CLANG_WARN_OBJC_ROOT_CLASS = YES_ERROR;
				CLANG_WARN_SUSPICIOUS_MOVES = YES;
				CLANG_WARN_UNREACHABLE_CODE = YES;
				CLANG_WARN__DUPLICATE_METHOD_MATCH = YES;
				"CODE_SIGN_IDENTITY[sdk=iphoneos*]" = "iPhone Developer";
				COPY_PHASE_STRIP = NO;
				DEBUG_INFORMATION_FORMAT = "dwarf-with-dsym";
				ENABLE_NS_ASSERTIONS = NO;
				ENABLE_STRICT_OBJC_MSGSEND = YES;
				GCC_C_LANGUAGE_STANDARD = gnu99;
				GCC_NO_COMMON_BLOCKS = YES;
				GCC_WARN_64_TO_32_BIT_CONVERSION = YES;
				GCC_WARN_ABOUT_RETURN_TYPE = YES_ERROR;
				GCC_WARN_UNDECLARED_SELECTOR = YES;
				GCC_WARN_UNINITIALIZED_AUTOS = YES_AGGRESSIVE;
				GCC_WARN_UNUSED_FUNCTION = YES;
				GCC_WARN_UNUSED_VARIABLE = YES;
				IPHONEOS_DEPLOYMENT_TARGET = 10.1;
				MTL_ENABLE_DEBUG_INFO = NO;
				SDKROOT = iphoneos;
				SWIFT_OPTIMIZATION_LEVEL = "-Owholemodule";
				TARGETED_DEVICE_FAMILY = "1,2";
				VALIDATE_PRODUCT = YES;
			};
			name = Release;
		};
		DEA647801DCDDA9D0071CB2A /* Debug */ = {
			isa = XCBuildConfiguration;
			buildSettings = {
				ASSETCATALOG_COMPILER_APPICON_NAME = AppIcon;
				INFOPLIST_FILE = "Currency Converter/Info.plist";
				LD_RUNPATH_SEARCH_PATHS = "$(inherited) @executable_path/Frameworks";
				PRODUCT_BUNDLE_IDENTIFIER = "Tatiana-Looby.Currency-Converter";
				PRODUCT_NAME = "$(TARGET_NAME)";
				SWIFT_VERSION = 3.0;
			};
			name = Debug;
		};
		DEA647811DCDDA9D0071CB2A /* Release */ = {
			isa = XCBuildConfiguration;
			buildSettings = {
				ASSETCATALOG_COMPILER_APPICON_NAME = AppIcon;
				INFOPLIST_FILE = "Currency Converter/Info.plist";
				LD_RUNPATH_SEARCH_PATHS = "$(inherited) @executable_path/Frameworks";
				PRODUCT_BUNDLE_IDENTIFIER = "Tatiana-Looby.Currency-Converter";
				PRODUCT_NAME = "$(TARGET_NAME)";
				SWIFT_VERSION = 3.0;
			};
			name = Release;
		};
/* End XCBuildConfiguration section */

/* Begin XCConfigurationList section */
		DEA647681DCDDA9D0071CB2A /* Build configuration list for PBXProject "Currency Converter" */ = {
			isa = XCConfigurationList;
			buildConfigurations = (
				DEA6477D1DCDDA9D0071CB2A /* Debug */,
				DEA6477E1DCDDA9D0071CB2A /* Release */,
			);
			defaultConfigurationIsVisible = 0;
			defaultConfigurationName = Release;
		};
		DEA6477F1DCDDA9D0071CB2A /* Build configuration list for PBXNativeTarget "Currency Converter" */ = {
			isa = XCConfigurationList;
			buildConfigurations = (
				DEA647801DCDDA9D0071CB2A /* Debug */,
				DEA647811DCDDA9D0071CB2A /* Release */,
			);
			defaultConfigurationIsVisible = 0;
		};
/* End XCConfigurationList section */
	};
	rootObject = DEA647651DCDDA9D0071CB2A /* Project object */;
}
